// !$*UTF8*$!
{
	archiveVersion = 1;
	classes = {
	};
	objectVersion = 46;
	objects = {

/* Begin PBXBuildFile section */
		EFF578721B3FE5F200BE36CE /* main.m in Sources */ = {isa = PBXBuildFile; fileRef = EFF578711B3FE5F200BE36CE /* main.m */; };
		EFF578751B3FE5F200BE36CE /* AppDelegate.m in Sources */ = {isa = PBXBuildFile; fileRef = EFF578741B3FE5F200BE36CE /* AppDelegate.m */; };
		EFF578781B3FE5F200BE36CE /* ViewController.m in Sources */ = {isa = PBXBuildFile; fileRef = EFF578771B3FE5F200BE36CE /* ViewController.m */; };
		EFF5787B1B3FE5F200BE36CE /* Main.storyboard in Resources */ = {isa = PBXBuildFile; fileRef = EFF578791B3FE5F200BE36CE /* Main.storyboard */; };
		EFF5787D1B3FE5F200BE36CE /* Images.xcassets in Resources */ = {isa = PBXBuildFile; fileRef = EFF5787C1B3FE5F200BE36CE /* Images.xcassets */; };
		EFF578801B3FE5F200BE36CE /* LaunchScreen.xib in Resources */ = {isa = PBXBuildFile; fileRef = EFF5787E1B3FE5F200BE36CE /* LaunchScreen.xib */; };
		EFF5788C1B3FE5F300BE36CE /* FundQueryHelperTests.m in Sources */ = {isa = PBXBuildFile; fileRef = EFF5788B1B3FE5F300BE36CE /* FundQueryHelperTests.m */; };
/* End PBXBuildFile section */

/* Begin PBXContainerItemProxy section */
		EFF578861B3FE5F300BE36CE /* PBXContainerItemProxy */ = {
			isa = PBXContainerItemProxy;
			containerPortal = EFF578641B3FE5F200BE36CE /* Project object */;
			proxyType = 1;
			remoteGlobalIDString = EFF5786B1B3FE5F200BE36CE;
			remoteInfo = FundQueryHelper;
		};
/* End PBXContainerItemProxy section */

/* Begin PBXFileReference section */
		EFF5786C1B3FE5F200BE36CE /* FundQueryHelper.app */ = {isa = PBXFileReference; explicitFileType = wrapper.application; includeInIndex = 0; path = FundQueryHelper.app; sourceTree = BUILT_PRODUCTS_DIR; };
		EFF578701B3FE5F200BE36CE /* Info.plist */ = {isa = PBXFileReference; lastKnownFileType = text.plist.xml; path = Info.plist; sourceTree = "<group>"; };
		EFF578711B3FE5F200BE36CE /* main.m */ = {isa = PBXFileReference; lastKnownFileType = sourcecode.c.objc; path = main.m; sourceTree = "<group>"; };
		EFF578731B3FE5F200BE36CE /* AppDelegate.h */ = {isa = PBXFileReference; lastKnownFileType = sourcecode.c.h; path = AppDelegate.h; sourceTree = "<group>"; };
		EFF578741B3FE5F200BE36CE /* AppDelegate.m */ = {isa = PBXFileReference; lastKnownFileType = sourcecode.c.objc; path = AppDelegate.m; sourceTree = "<group>"; };
		EFF578761B3FE5F200BE36CE /* ViewController.h */ = {isa = PBXFileReference; lastKnownFileType = sourcecode.c.h; path = ViewController.h; sourceTree = "<group>"; };
		EFF578771B3FE5F200BE36CE /* ViewController.m */ = {isa = PBXFileReference; lastKnownFileType = sourcecode.c.objc; path = ViewController.m; sourceTree = "<group>"; };
		EFF5787A1B3FE5F200BE36CE /* Base */ = {isa = PBXFileReference; lastKnownFileType = file.storyboard; name = Base; path = Base.lproj/Main.storyboard; sourceTree = "<group>"; };
		EFF5787C1B3FE5F200BE36CE /* Images.xcassets */ = {isa = PBXFileReference; lastKnownFileType = folder.assetcatalog; path = Images.xcassets; sourceTree = "<group>"; };
		EFF5787F1B3FE5F200BE36CE /* Base */ = {isa = PBXFileReference; lastKnownFileType = file.xib; name = Base; path = Base.lproj/LaunchScreen.xib; sourceTree = "<group>"; };
		EFF578851B3FE5F300BE36CE /* FundQueryHelperTests.xctest */ = {isa = PBXFileReference; explicitFileType = wrapper.cfbundle; includeInIndex = 0; path = FundQueryHelperTests.xctest; sourceTree = BUILT_PRODUCTS_DIR; };
		EFF5788A1B3FE5F300BE36CE /* Info.plist */ = {isa = PBXFileReference; lastKnownFileType = text.plist.xml; path = Info.plist; sourceTree = "<group>"; };
		EFF5788B1B3FE5F300BE36CE /* FundQueryHelperTests.m */ = {isa = PBXFileReference; lastKnownFileType = sourcecode.c.objc; path = FundQueryHelperTests.m; sourceTree = "<group>"; };
/* End PBXFileReference section */

/* Begin PBXFrameworksBuildPhase section */
		EFF578691B3FE5F200BE36CE /* Frameworks */ = {
			isa = PBXFrameworksBuildPhase;
			buildActionMask = 2147483647;
			files = (
			);
			runOnlyForDeploymentPostprocessing = 0;
		};
		EFF578821B3FE5F300BE36CE /* Frameworks */ = {
			isa = PBXFrameworksBuildPhase;
			buildActionMask = 2147483647;
			files = (
			);
			runOnlyForDeploymentPostprocessing = 0;
		};
/* End PBXFrameworksBuildPhase section */

/* Begin PBXGroup section */
		EFF578631B3FE5F200BE36CE = {
			isa = PBXGroup;
			children = (
				EFF5786E1B3FE5F200BE36CE /* FundQueryHelper */,
				EFF578881B3FE5F300BE36CE /* FundQueryHelperTests */,
				EFF5786D1B3FE5F200BE36CE /* Products */,
			);
			sourceTree = "<group>";
		};
		EFF5786D1B3FE5F200BE36CE /* Products */ = {
			isa = PBXGroup;
			children = (
				EFF5786C1B3FE5F200BE36CE /* FundQueryHelper.app */,
				EFF578851B3FE5F300BE36CE /* FundQueryHelperTests.xctest */,
			);
			name = Products;
			sourceTree = "<group>";
		};
		EFF5786E1B3FE5F200BE36CE /* FundQueryHelper */ = {
			isa = PBXGroup;
			children = (
				EFF578731B3FE5F200BE36CE /* AppDelegate.h */,
				EFF578741B3FE5F200BE36CE /* AppDelegate.m */,
				EFF578761B3FE5F200BE36CE /* ViewController.h */,
				EFF578771B3FE5F200BE36CE /* ViewController.m */,
				EFF578791B3FE5F200BE36CE /* Main.storyboard */,
				EFF5787C1B3FE5F200BE36CE /* Images.xcassets */,
				EFF5787E1B3FE5F200BE36CE /* LaunchScreen.xib */,
				EFF5786F1B3FE5F200BE36CE /* Supporting Files */,
			);
			path = FundQueryHelper;
			sourceTree = "<group>";
		};
		EFF5786F1B3FE5F200BE36CE /* Supporting Files */ = {
			isa = PBXGroup;
			children = (
				EFF578701B3FE5F200BE36CE /* Info.plist */,
				EFF578711B3FE5F200BE36CE /* main.m */,
			);
			name = "Supporting Files";
			sourceTree = "<group>";
		};
		EFF578881B3FE5F300BE36CE /* FundQueryHelperTests */ = {
			isa = PBXGroup;
			children = (
				EFF5788B1B3FE5F300BE36CE /* FundQueryHelperTests.m */,
				EFF578891B3FE5F300BE36CE /* Supporting Files */,
			);
			path = FundQueryHelperTests;
			sourceTree = "<group>";
		};
		EFF578891B3FE5F300BE36CE /* Supporting Files */ = {
			isa = PBXGroup;
			children = (
				EFF5788A1B3FE5F300BE36CE /* Info.plist */,
			);
			name = "Supporting Files";
			sourceTree = "<group>";
		};
/* End PBXGroup section */

/* Begin PBXNativeTarget section */
		EFF5786B1B3FE5F200BE36CE /* FundQueryHelper */ = {
			isa = PBXNativeTarget;
			buildConfigurationList = EFF5788F1B3FE5F300BE36CE /* Build configuration list for PBXNativeTarget "FundQueryHelper" */;
			buildPhases = (
				EFF578681B3FE5F200BE36CE /* Sources */,
				EFF578691B3FE5F200BE36CE /* Frameworks */,
				EFF5786A1B3FE5F200BE36CE /* Resources */,
			);
			buildRules = (
			);
			dependencies = (
			);
			name = FundQueryHelper;
			productName = FundQueryHelper;
			productReference = EFF5786C1B3FE5F200BE36CE /* FundQueryHelper.app */;
			productType = "com.apple.product-type.application";
		};
		EFF578841B3FE5F300BE36CE /* FundQueryHelperTests */ = {
			isa = PBXNativeTarget;
			buildConfigurationList = EFF578921B3FE5F300BE36CE /* Build configuration list for PBXNativeTarget "FundQueryHelperTests" */;
			buildPhases = (
				EFF578811B3FE5F300BE36CE /* Sources */,
				EFF578821B3FE5F300BE36CE /* Frameworks */,
				EFF578831B3FE5F300BE36CE /* Resources */,
			);
			buildRules = (
			);
			dependencies = (
				EFF578871B3FE5F300BE36CE /* PBXTargetDependency */,
			);
			name = FundQueryHelperTests;
			productName = FundQueryHelperTests;
			productReference = EFF578851B3FE5F300BE36CE /* FundQueryHelperTests.xctest */;
			productType = "com.apple.product-type.bundle.unit-test";
		};
/* End PBXNativeTarget section */

/* Begin PBXProject section */
		EFF578641B3FE5F200BE36CE /* Project object */ = {
			isa = PBXProject;
			attributes = {
				LastUpgradeCheck = 0630;
				ORGANIZATIONNAME = wangmh;
				TargetAttributes = {
					EFF5786B1B3FE5F200BE36CE = {
						CreatedOnToolsVersion = 6.3.2;
					};
					EFF578841B3FE5F300BE36CE = {
						CreatedOnToolsVersion = 6.3.2;
						TestTargetID = EFF5786B1B3FE5F200BE36CE;
					};
				};
			};
			buildConfigurationList = EFF578671B3FE5F200BE36CE /* Build configuration list for PBXProject "FundQueryHelper" */;
			compatibilityVersion = "Xcode 3.2";
			developmentRegion = English;
			hasScannedForEncodings = 0;
			knownRegions = (
				en,
				Base,
			);
			mainGroup = EFF578631B3FE5F200BE36CE;
			productRefGroup = EFF5786D1B3FE5F200BE36CE /* Products */;
			projectDirPath = "";
			projectRoot = "";
			targets = (
				EFF5786B1B3FE5F200BE36CE /* FundQueryHelper */,
				EFF578841B3FE5F300BE36CE /* FundQueryHelperTests */,
			);
		};
/* End PBXProject section */

/* Begin PBXResourcesBuildPhase section */
		EFF5786A1B3FE5F200BE36CE /* Resources */ = {
			isa = PBXResourcesBuildPhase;
			buildActionMask = 2147483647;
			files = (
				EFF5787B1B3FE5F200BE36CE /* Main.storyboard in Resources */,
				EFF578801B3FE5F200BE36CE /* LaunchScreen.xib in Resources */,
				EFF5787D1B3FE5F200BE36CE /* Images.xcassets in Resources */,
			);
			runOnlyForDeploymentPostprocessing = 0;
		};
		EFF578831B3FE5F300BE36CE /* Resources */ = {
			isa = PBXResourcesBuildPhase;
			buildActionMask = 2147483647;
			files = (
			);
			runOnlyForDeploymentPostprocessing = 0;
		};
/* End PBXResourcesBuildPhase section */

/* Begin PBXSourcesBuildPhase section */
		EFF578681B3FE5F200BE36CE /* Sources */ = {
			isa = PBXSourcesBuildPhase;
			buildActionMask = 2147483647;
			files = (
				EFF578781B3FE5F200BE36CE /* ViewController.m in Sources */,
				EFF578751B3FE5F200BE36CE /* AppDelegate.m in Sources */,
				EFF578721B3FE5F200BE36CE /* main.m in Sources */,
			);
			runOnlyForDeploymentPostprocessing = 0;
		};
		EFF578811B3FE5F300BE36CE /* Sources */ = {
			isa = PBXSourcesBuildPhase;
			buildActionMask = 2147483647;
			files = (
				EFF5788C1B3FE5F300BE36CE /* FundQueryHelperTests.m in Sources */,
			);
			runOnlyForDeploymentPostprocessing = 0;
		};
/* End PBXSourcesBuildPhase section */

/* Begin PBXTargetDependency section */
		EFF578871B3FE5F300BE36CE /* PBXTargetDependency */ = {
			isa = PBXTargetDependency;
			target = EFF5786B1B3FE5F200BE36CE /* FundQueryHelper */;
			targetProxy = EFF578861B3FE5F300BE36CE /* PBXContainerItemProxy */;
		};
/* End PBXTargetDependency section */

/* Begin PBXVariantGroup section */
		EFF578791B3FE5F200BE36CE /* Main.storyboard */ = {
			isa = PBXVariantGroup;
			children = (
				EFF5787A1B3FE5F200BE36CE /* Base */,
			);
			name = Main.storyboard;
			sourceTree = "<group>";
		};
		EFF5787E1B3FE5F200BE36CE /* LaunchScreen.xib */ = {
			isa = PBXVariantGroup;
			children = (
				EFF5787F1B3FE5F200BE36CE /* Base */,
			);
			name = LaunchScreen.xib;
			sourceTree = "<group>";
		};
/* End PBXVariantGroup section */

/* Begin XCBuildConfiguration section */
		EFF5788D1B3FE5F300BE36CE /* Debug */ = {
			isa = XCBuildConfiguration;
			buildSettings = {
				ALWAYS_SEARCH_USER_PATHS = NO;
				CLANG_CXX_LANGUAGE_STANDARD = "gnu++0x";
				CLANG_CXX_LIBRARY = "libc++";
				CLANG_ENABLE_MODULES = YES;
				CLANG_ENABLE_OBJC_ARC = YES;
				CLANG_WARN_BOOL_CONVERSION = YES;
				CLANG_WARN_CONSTANT_CONVERSION = YES;
				CLANG_WARN_DIRECT_OBJC_ISA_USAGE = YES_ERROR;
				CLANG_WARN_EMPTY_BODY = YES;
				CLANG_WARN_ENUM_CONVERSION = YES;
				CLANG_WARN_INT_CONVERSION = YES;
				CLANG_WARN_OBJC_ROOT_CLASS = YES_ERROR;
				CLANG_WARN_UNREACHABLE_CODE = YES;
				CLANG_WARN__DUPLICATE_METHOD_MATCH = YES;
				"CODE_SIGN_IDENTITY[sdk=iphoneos*]" = "iPhone Developer";
				COPY_PHASE_STRIP = NO;
				DEBUG_INFORMATION_FORMAT = "dwarf-with-dsym";
				ENABLE_STRICT_OBJC_MSGSEND = YES;
				GCC_C_LANGUAGE_STANDARD = gnu99;
				GCC_DYNAMIC_NO_PIC = NO;
				GCC_NO_COMMON_BLOCKS = YES;
				GCC_OPTIMIZATION_LEVEL = 0;
				GCC_PREPROCESSOR_DEFINITIONS = (
					"DEBUG=1",
					"$(inherited)",
				);
				GCC_SYMBOLS_PRIVATE_EXTERN = NO;
				GCC_WARN_64_TO_32_BIT_CONVERSION = YES;
				GCC_WARN_ABOUT_RETURN_TYPE = YES_ERROR;
				GCC_WARN_UNDECLARED_SELECTOR = YES;
				GCC_WARN_UNINITIALIZED_AUTOS = YES_AGGRESSIVE;
				GCC_WARN_UNUSED_FUNCTION = YES;
				GCC_WARN_UNUSED_VARIABLE = YES;
				IPHONEOS_DEPLOYMENT_TARGET = 8.3;
				MTL_ENABLE_DEBUG_INFO = YES;
				ONLY_ACTIVE_ARCH = YES;
				SDKROOT = iphoneos;
			};
			name = Debug;
		};
		EFF5788E1B3FE5F300BE36CE /* Release */ = {
			isa = XCBuildConfiguration;
			buildSettings = {
				ALWAYS_SEARCH_USER_PATHS = NO;
				CLANG_CXX_LANGUAGE_STANDARD = "gnu++0x";
				CLANG_CXX_LIBRARY = "libc++";
				CLANG_ENABLE_MODULES = YES;
				CLANG_ENABLE_OBJC_ARC = YES;
				CLANG_WARN_BOOL_CONVERSION = YES;
				CLANG_WARN_CONSTANT_CONVERSION = YES;
				CLANG_WARN_DIRECT_OBJC_ISA_USAGE = YES_ERROR;
				CLANG_WARN_EMPTY_BODY = YES;
				CLANG_WARN_ENUM_CONVERSION = YES;
				CLANG_WARN_INT_CONVERSION = YES;
				CLANG_WARN_OBJC_ROOT_CLASS = YES_ERROR;
				CLANG_WARN_UNREACHABLE_CODE = YES;
				CLANG_WARN__DUPLICATE_METHOD_MATCH = YES;
				"CODE_SIGN_IDENTITY[sdk=iphoneos*]" = "iPhone Developer";
				COPY_PHASE_STRIP = NO;
				DEBUG_INFORMATION_FORMAT = "dwarf-with-dsym";
				ENABLE_NS_ASSERTIONS = NO;
				ENABLE_STRICT_OBJC_MSGSEND = YES;
				GCC_C_LANGUAGE_STANDARD = gnu99;
				GCC_NO_COMMON_BLOCKS = YES;
				GCC_WARN_64_TO_32_BIT_CONVERSION = YES;
				GCC_WARN_ABOUT_RETURN_TYPE = YES_ERROR;
				GCC_WARN_UNDECLARED_SELECTOR = YES;
				GCC_WARN_UNINITIALIZED_AUTOS = YES_AGGRESSIVE;
				GCC_WARN_UNUSED_FUNCTION = YES;
				GCC_WARN_UNUSED_VARIABLE = YES;
				IPHONEOS_DEPLOYMENT_TARGET = 8.3;
				MTL_ENABLE_DEBUG_INFO = NO;
				SDKROOT = iphoneos;
				VALIDATE_PRODUCT = YES;
			};
			name = Release;
		};
		EFF578901B3FE5F300BE36CE /* Debug */ = {
			isa = XCBuildConfiguration;
			buildSettings = {
				ASSETCATALOG_COMPILER_APPICON_NAME = AppIcon;
				INFOPLIST_FILE = FundQueryHelper/Info.plist;
				LD_RUNPATH_SEARCH_PATHS = "$(inherited) @executable_path/Frameworks";
				PRODUCT_NAME = "$(TARGET_NAME)";
			};
			name = Debug;
		};
		EFF578911B3FE5F300BE36CE /* Release */ = {
			isa = XCBuildConfiguration;
			buildSettings = {
				ASSETCATALOG_COMPILER_APPICON_NAME = AppIcon;
				INFOPLIST_FILE = FundQueryHelper/Info.plist;
				LD_RUNPATH_SEARCH_PATHS = "$(inherited) @executable_path/Frameworks";
				PRODUCT_NAME = "$(TARGET_NAME)";
			};
			name = Release;
		};
		EFF578931B3FE5F300BE36CE /* Debug */ = {
			isa = XCBuildConfiguration;
			buildSettings = {
				BUNDLE_LOADER = "$(TEST_HOST)";
				FRAMEWORK_SEARCH_PATHS = (
					"$(SDKROOT)/Developer/Library/Frameworks",
					"$(inherited)",
				);
				GCC_PREPROCESSOR_DEFINITIONS = (
					"DEBUG=1",
					"$(inherited)",
				);
				INFOPLIST_FILE = FundQueryHelperTests/Info.plist;
				LD_RUNPATH_SEARCH_PATHS = "$(inherited) @executable_path/Frameworks @loader_path/Frameworks";
				PRODUCT_NAME = "$(TARGET_NAME)";
				TEST_HOST = "$(BUILT_PRODUCTS_DIR)/FundQueryHelper.app/FundQueryHelper";
			};
			name = Debug;
		};
		EFF578941B3FE5F300BE36CE /* Release */ = {
			isa = XCBuildConfiguration;
			buildSettings = {
				BUNDLE_LOADER = "$(TEST_HOST)";
				FRAMEWORK_SEARCH_PATHS = (
					"$(SDKROOT)/Developer/Library/Frameworks",
					"$(inherited)",
				);
				INFOPLIST_FILE = FundQueryHelperTests/Info.plist;
				LD_RUNPATH_SEARCH_PATHS = "$(inherited) @executable_path/Frameworks @loader_path/Frameworks";
				PRODUCT_NAME = "$(TARGET_NAME)";
				TEST_HOST = "$(BUILT_PRODUCTS_DIR)/FundQueryHelper.app/FundQueryHelper";
			};
			name = Release;
		};
/* End XCBuildConfiguration section */

/* Begin XCConfigurationList section */
		EFF578671B3FE5F200BE36CE /* Build configuration list for PBXProject "FundQueryHelper" */ = {
			isa = XCConfigurationList;
			buildConfigurations = (
				EFF5788D1B3FE5F300BE36CE /* Debug */,
				EFF5788E1B3FE5F300BE36CE /* Release */,
			);
			defaultConfigurationIsVisible = 0;
			defaultConfigurationName = Release;
		};
		EFF5788F1B3FE5F300BE36CE /* Build configuration list for PBXNativeTarget "FundQueryHelper" */ = {
			isa = XCConfigurationList;
			buildConfigurations = (
				EFF578901B3FE5F300BE36CE /* Debug */,
				EFF578911B3FE5F300BE36CE /* Release */,
			);
			defaultConfigurationIsVisible = 0;
		};
		EFF578921B3FE5F300BE36CE /* Build configuration list for PBXNativeTarget "FundQueryHelperTests" */ = {
			isa = XCConfigurationList;
			buildConfigurations = (
				EFF578931B3FE5F300BE36CE /* Debug */,
				EFF578941B3FE5F300BE36CE /* Release */,
			);
			defaultConfigurationIsVisible = 0;
		};
/* End XCConfigurationList section */
	};
	rootObject = EFF578641B3FE5F200BE36CE /* Project object */;
}
